// !$*UTF8*$!
{
	archiveVersion = 1;
	classes = {
	};
	objectVersion = 56;
	objects = {

/* Begin PBXBuildFile section */
		F52853E92BEB2EFA00F360C9 /* ResultCard.swift in Sources */ = {isa = PBXBuildFile; fileRef = F52853E82BEB2EFA00F360C9 /* ResultCard.swift */; };
		F52853EB2BEB33E500F360C9 /* HealthAnalysis.swift in Sources */ = {isa = PBXBuildFile; fileRef = F52853EA2BEB33E500F360C9 /* HealthAnalysis.swift */; };
		F55EE8222BE7BD6D002825DC /* SelectHeight.swift in Sources */ = {isa = PBXBuildFile; fileRef = F55EE8212BE7BD6D002825DC /* SelectHeight.swift */; };
		F55EE8252BE7C206002825DC /* ResultScreen.swift in Sources */ = {isa = PBXBuildFile; fileRef = F55EE8242BE7C206002825DC /* ResultScreen.swift */; };
		F55EE8272BE7CBB2002825DC /* BodyMassIndexViewModel.swift in Sources */ = {isa = PBXBuildFile; fileRef = F55EE8262BE7CBB2002825DC /* BodyMassIndexViewModel.swift */; };
		F5EE121D2BE7363C002260D2 /* BodyMassIndexApp_iOSApp.swift in Sources */ = {isa = PBXBuildFile; fileRef = F5EE121C2BE7363C002260D2 /* BodyMassIndexApp_iOSApp.swift */; };
		F5EE12212BE7363C002260D2 /* Assets.xcassets in Resources */ = {isa = PBXBuildFile; fileRef = F5EE12202BE7363C002260D2 /* Assets.xcassets */; };
		F5EE12242BE7363C002260D2 /* Preview Assets.xcassets in Resources */ = {isa = PBXBuildFile; fileRef = F5EE12232BE7363C002260D2 /* Preview Assets.xcassets */; };
		F5EE12302BE73682002260D2 /* HomeScreen.swift in Sources */ = {isa = PBXBuildFile; fileRef = F5EE122F2BE73682002260D2 /* HomeScreen.swift */; };
		F5EE12322BE73817002260D2 /* SelectGender.swift in Sources */ = {isa = PBXBuildFile; fileRef = F5EE12312BE73817002260D2 /* SelectGender.swift */; };
		F5EE12342BE75789002260D2 /* SelectAge.swift in Sources */ = {isa = PBXBuildFile; fileRef = F5EE12332BE75789002260D2 /* SelectAge.swift */; };
		F5EE12372BE7629A002260D2 /* SelectWeight.swift in Sources */ = {isa = PBXBuildFile; fileRef = F5EE12362BE7629A002260D2 /* SelectWeight.swift */; };
		F5FC34712BE914720005ECF9 /* testModel.swift in Sources */ = {isa = PBXBuildFile; fileRef = F5FC34702BE914720005ECF9 /* testModel.swift */; };
		F5FC34732BE914A60005ECF9 /* test.swift in Sources */ = {isa = PBXBuildFile; fileRef = F5FC34722BE914A60005ECF9 /* test.swift */; };
/* End PBXBuildFile section */

/* Begin PBXFileReference section */
		F52853E82BEB2EFA00F360C9 /* ResultCard.swift */ = {isa = PBXFileReference; lastKnownFileType = sourcecode.swift; path = ResultCard.swift; sourceTree = "<group>"; };
		F52853EA2BEB33E500F360C9 /* HealthAnalysis.swift */ = {isa = PBXFileReference; lastKnownFileType = sourcecode.swift; path = HealthAnalysis.swift; sourceTree = "<group>"; };
		F55EE8212BE7BD6D002825DC /* SelectHeight.swift */ = {isa = PBXFileReference; lastKnownFileType = sourcecode.swift; path = SelectHeight.swift; sourceTree = "<group>"; };
		F55EE8242BE7C206002825DC /* ResultScreen.swift */ = {isa = PBXFileReference; lastKnownFileType = sourcecode.swift; path = ResultScreen.swift; sourceTree = "<group>"; };
		F55EE8262BE7CBB2002825DC /* BodyMassIndexViewModel.swift */ = {isa = PBXFileReference; lastKnownFileType = sourcecode.swift; path = BodyMassIndexViewModel.swift; sourceTree = "<group>"; };
		F5EE12192BE7363C002260D2 /* BodyMassIndexApp-iOS.app */ = {isa = PBXFileReference; explicitFileType = wrapper.application; includeInIndex = 0; path = "BodyMassIndexApp-iOS.app"; sourceTree = BUILT_PRODUCTS_DIR; };
		F5EE121C2BE7363C002260D2 /* BodyMassIndexApp_iOSApp.swift */ = {isa = PBXFileReference; lastKnownFileType = sourcecode.swift; path = BodyMassIndexApp_iOSApp.swift; sourceTree = "<group>"; };
		F5EE12202BE7363C002260D2 /* Assets.xcassets */ = {isa = PBXFileReference; lastKnownFileType = folder.assetcatalog; path = Assets.xcassets; sourceTree = "<group>"; };
		F5EE12232BE7363C002260D2 /* Preview Assets.xcassets */ = {isa = PBXFileReference; lastKnownFileType = folder.assetcatalog; path = "Preview Assets.xcassets"; sourceTree = "<group>"; };
		F5EE122F2BE73682002260D2 /* HomeScreen.swift */ = {isa = PBXFileReference; lastKnownFileType = sourcecode.swift; path = HomeScreen.swift; sourceTree = "<group>"; };
		F5EE12312BE73817002260D2 /* SelectGender.swift */ = {isa = PBXFileReference; lastKnownFileType = sourcecode.swift; path = SelectGender.swift; sourceTree = "<group>"; };
		F5EE12332BE75789002260D2 /* SelectAge.swift */ = {isa = PBXFileReference; lastKnownFileType = sourcecode.swift; path = SelectAge.swift; sourceTree = "<group>"; };
		F5EE12362BE7629A002260D2 /* SelectWeight.swift */ = {isa = PBXFileReference; lastKnownFileType = sourcecode.swift; path = SelectWeight.swift; sourceTree = "<group>"; };
		F5FC34702BE914720005ECF9 /* testModel.swift */ = {isa = PBXFileReference; lastKnownFileType = sourcecode.swift; path = testModel.swift; sourceTree = "<group>"; };
		F5FC34722BE914A60005ECF9 /* test.swift */ = {isa = PBXFileReference; lastKnownFileType = sourcecode.swift; path = test.swift; sourceTree = "<group>"; };
/* End PBXFileReference section */

/* Begin PBXFrameworksBuildPhase section */
		F5EE12162BE7363C002260D2 /* Frameworks */ = {
			isa = PBXFrameworksBuildPhase;
			buildActionMask = 2147483647;
			files = (
			);
			runOnlyForDeploymentPostprocessing = 0;
		};
/* End PBXFrameworksBuildPhase section */

/* Begin PBXGroup section */
		F55EE8232BE7C1F4002825DC /* Components */ = {
			isa = PBXGroup;
			children = (
				F52853E82BEB2EFA00F360C9 /* ResultCard.swift */,
				F52853EA2BEB33E500F360C9 /* HealthAnalysis.swift */,
			);
			path = Components;
			sourceTree = "<group>";
		};
		F5EE12102BE7363C002260D2 = {
			isa = PBXGroup;
			children = (
				F5EE121B2BE7363C002260D2 /* BodyMassIndexApp-iOS */,
				F5EE121A2BE7363C002260D2 /* Products */,
			);
			sourceTree = "<group>";
		};
		F5EE121A2BE7363C002260D2 /* Products */ = {
			isa = PBXGroup;
			children = (
				F5EE12192BE7363C002260D2 /* BodyMassIndexApp-iOS.app */,
			);
			name = Products;
			sourceTree = "<group>";
		};
		F5EE121B2BE7363C002260D2 /* BodyMassIndexApp-iOS */ = {
			isa = PBXGroup;
			children = (
				F5EE122C2BE73654002260D2 /* ViewModel */,
				F5EE122B2BE7364F002260D2 /* View */,
				F5EE122A2BE73644002260D2 /* Model */,
				F5EE121C2BE7363C002260D2 /* BodyMassIndexApp_iOSApp.swift */,
				F5EE12202BE7363C002260D2 /* Assets.xcassets */,
				F5EE12222BE7363C002260D2 /* Preview Content */,
			);
			path = "BodyMassIndexApp-iOS";
			sourceTree = "<group>";
		};
		F5EE12222BE7363C002260D2 /* Preview Content */ = {
			isa = PBXGroup;
			children = (
				F5EE12232BE7363C002260D2 /* Preview Assets.xcassets */,
			);
			path = "Preview Content";
			sourceTree = "<group>";
		};
		F5EE122A2BE73644002260D2 /* Model */ = {
			isa = PBXGroup;
			children = (
			);
			path = Model;
			sourceTree = "<group>";
		};
		F5EE122B2BE7364F002260D2 /* View */ = {
			isa = PBXGroup;
			children = (
				F5EE122E2BE7366E002260D2 /* ResultScreen */,
				F5EE122D2BE73663002260D2 /* HomeScreen */,
			);
			path = View;
			sourceTree = "<group>";
		};
		F5EE122C2BE73654002260D2 /* ViewModel */ = {
			isa = PBXGroup;
			children = (
				F55EE8262BE7CBB2002825DC /* BodyMassIndexViewModel.swift */,
				F5FC34702BE914720005ECF9 /* testModel.swift */,
				F5FC34722BE914A60005ECF9 /* test.swift */,
			);
			path = ViewModel;
			sourceTree = "<group>";
		};
		F5EE122D2BE73663002260D2 /* HomeScreen */ = {
			isa = PBXGroup;
			children = (
				F5EE12352BE7602B002260D2 /* Components */,
				F5EE122F2BE73682002260D2 /* HomeScreen.swift */,
			);
			path = HomeScreen;
			sourceTree = "<group>";
		};
		F5EE122E2BE7366E002260D2 /* ResultScreen */ = {
			isa = PBXGroup;
			children = (
				F55EE8232BE7C1F4002825DC /* Components */,
				F55EE8242BE7C206002825DC /* ResultScreen.swift */,
			);
			path = ResultScreen;
			sourceTree = "<group>";
		};
		F5EE12352BE7602B002260D2 /* Components */ = {
			isa = PBXGroup;
			children = (
				F5EE12332BE75789002260D2 /* SelectAge.swift */,
				F5EE12312BE73817002260D2 /* SelectGender.swift */,
				F5EE12362BE7629A002260D2 /* SelectWeight.swift */,
				F55EE8212BE7BD6D002825DC /* SelectHeight.swift */,
			);
			path = Components;
			sourceTree = "<group>";
		};
/* End PBXGroup section */

/* Begin PBXNativeTarget section */
		F5EE12182BE7363C002260D2 /* BodyMassIndexApp-iOS */ = {
			isa = PBXNativeTarget;
			buildConfigurationList = F5EE12272BE7363C002260D2 /* Build configuration list for PBXNativeTarget "BodyMassIndexApp-iOS" */;
			buildPhases = (
				F5EE12152BE7363C002260D2 /* Sources */,
				F5EE12162BE7363C002260D2 /* Frameworks */,
				F5EE12172BE7363C002260D2 /* Resources */,
			);
			buildRules = (
			);
			dependencies = (
			);
			name = "BodyMassIndexApp-iOS";
			productName = "BodyMassIndexApp-iOS";
			productReference = F5EE12192BE7363C002260D2 /* BodyMassIndexApp-iOS.app */;
			productType = "com.apple.product-type.application";
		};
/* End PBXNativeTarget section */

/* Begin PBXProject section */
		F5EE12112BE7363C002260D2 /* Project object */ = {
			isa = PBXProject;
			attributes = {
				BuildIndependentTargetsInParallel = 1;
				LastSwiftUpdateCheck = 1530;
				LastUpgradeCheck = 1530;
				TargetAttributes = {
					F5EE12182BE7363C002260D2 = {
						CreatedOnToolsVersion = 15.3;
					};
				};
			};
			buildConfigurationList = F5EE12142BE7363C002260D2 /* Build configuration list for PBXProject "BodyMassIndexApp-iOS" */;
			compatibilityVersion = "Xcode 14.0";
			developmentRegion = en;
			hasScannedForEncodings = 0;
			knownRegions = (
				en,
				Base,
			);
			mainGroup = F5EE12102BE7363C002260D2;
			productRefGroup = F5EE121A2BE7363C002260D2 /* Products */;
			projectDirPath = "";
			projectRoot = "";
			targets = (
				F5EE12182BE7363C002260D2 /* BodyMassIndexApp-iOS */,
			);
		};
/* End PBXProject section */

/* Begin PBXResourcesBuildPhase section */
		F5EE12172BE7363C002260D2 /* Resources */ = {
			isa = PBXResourcesBuildPhase;
			buildActionMask = 2147483647;
			files = (
				F5EE12242BE7363C002260D2 /* Preview Assets.xcassets in Resources */,
				F5EE12212BE7363C002260D2 /* Assets.xcassets in Resources */,
			);
			runOnlyForDeploymentPostprocessing = 0;
		};
/* End PBXResourcesBuildPhase section */

/* Begin PBXSourcesBuildPhase section */
		F5EE12152BE7363C002260D2 /* Sources */ = {
			isa = PBXSourcesBuildPhase;
			buildActionMask = 2147483647;
			files = (
				F55EE8272BE7CBB2002825DC /* BodyMassIndexViewModel.swift in Sources */,
				F5EE121D2BE7363C002260D2 /* BodyMassIndexApp_iOSApp.swift in Sources */,
				F5EE12322BE73817002260D2 /* SelectGender.swift in Sources */,
				F5FC34732BE914A60005ECF9 /* test.swift in Sources */,
				F5EE12372BE7629A002260D2 /* SelectWeight.swift in Sources */,
				F55EE8252BE7C206002825DC /* ResultScreen.swift in Sources */,
				F5EE12342BE75789002260D2 /* SelectAge.swift in Sources */,
				F52853E92BEB2EFA00F360C9 /* ResultCard.swift in Sources */,
				F5FC34712BE914720005ECF9 /* testModel.swift in Sources */,
				F52853EB2BEB33E500F360C9 /* HealthAnalysis.swift in Sources */,
				F5EE12302BE73682002260D2 /* HomeScreen.swift in Sources */,
				F55EE8222BE7BD6D002825DC /* SelectHeight.swift in Sources */,
			);
			runOnlyForDeploymentPostprocessing = 0;
		};
/* End PBXSourcesBuildPhase section */

/* Begin XCBuildConfiguration section */
		F5EE12252BE7363C002260D2 /* Debug */ = {
			isa = XCBuildConfiguration;
			buildSettings = {
				ALWAYS_SEARCH_USER_PATHS = NO;
				ASSETCATALOG_COMPILER_GENERATE_SWIFT_ASSET_SYMBOL_EXTENSIONS = YES;
				CLANG_ANALYZER_NONNULL = YES;
				CLANG_ANALYZER_NUMBER_OBJECT_CONVERSION = YES_AGGRESSIVE;
				CLANG_CXX_LANGUAGE_STANDARD = "gnu++20";
				CLANG_ENABLE_MODULES = YES;
				CLANG_ENABLE_OBJC_ARC = YES;
				CLANG_ENABLE_OBJC_WEAK = YES;
				CLANG_WARN_BLOCK_CAPTURE_AUTORELEASING = YES;
				CLANG_WARN_BOOL_CONVERSION = YES;
				CLANG_WARN_COMMA = YES;
				CLANG_WARN_CONSTANT_CONVERSION = YES;
				CLANG_WARN_DEPRECATED_OBJC_IMPLEMENTATIONS = YES;
				CLANG_WARN_DIRECT_OBJC_ISA_USAGE = YES_ERROR;
				CLANG_WARN_DOCUMENTATION_COMMENTS = YES;
				CLANG_WARN_EMPTY_BODY = YES;
				CLANG_WARN_ENUM_CONVERSION = YES;
				CLANG_WARN_INFINITE_RECURSION = YES;
				CLANG_WARN_INT_CONVERSION = YES;
				CLANG_WARN_NON_LITERAL_NULL_CONVERSION = YES;
				CLANG_WARN_OBJC_IMPLICIT_RETAIN_SELF = YES;
				CLANG_WARN_OBJC_LITERAL_CONVERSION = YES;
				CLANG_WARN_OBJC_ROOT_CLASS = YES_ERROR;
				CLANG_WARN_QUOTED_INCLUDE_IN_FRAMEWORK_HEADER = YES;
				CLANG_WARN_RANGE_LOOP_ANALYSIS = YES;
				CLANG_WARN_STRICT_PROTOTYPES = YES;
				CLANG_WARN_SUSPICIOUS_MOVE = YES;
				CLANG_WARN_UNGUARDED_AVAILABILITY = YES_AGGRESSIVE;
				CLANG_WARN_UNREACHABLE_CODE = YES;
				CLANG_WARN__DUPLICATE_METHOD_MATCH = YES;
				COPY_PHASE_STRIP = NO;
				DEBUG_INFORMATION_FORMAT = dwarf;
				ENABLE_STRICT_OBJC_MSGSEND = YES;
				ENABLE_TESTABILITY = YES;
				ENABLE_USER_SCRIPT_SANDBOXING = YES;
				GCC_C_LANGUAGE_STANDARD = gnu17;
				GCC_DYNAMIC_NO_PIC = NO;
				GCC_NO_COMMON_BLOCKS = YES;
				GCC_OPTIMIZATION_LEVEL = 0;
				GCC_PREPROCESSOR_DEFINITIONS = (
					"DEBUG=1",
					"$(inherited)",
				);
				GCC_WARN_64_TO_32_BIT_CONVERSION = YES;
				GCC_WARN_ABOUT_RETURN_TYPE = YES_ERROR;
				GCC_WARN_UNDECLARED_SELECTOR = YES;
				GCC_WARN_UNINITIALIZED_AUTOS = YES_AGGRESSIVE;
				GCC_WARN_UNUSED_FUNCTION = YES;
				GCC_WARN_UNUSED_VARIABLE = YES;
				IPHONEOS_DEPLOYMENT_TARGET = 17.4;
				LOCALIZATION_PREFERS_STRING_CATALOGS = YES;
				MTL_ENABLE_DEBUG_INFO = INCLUDE_SOURCE;
				MTL_FAST_MATH = YES;
				ONLY_ACTIVE_ARCH = YES;
				SDKROOT = iphoneos;
				SWIFT_ACTIVE_COMPILATION_CONDITIONS = "DEBUG $(inherited)";
				SWIFT_OPTIMIZATION_LEVEL = "-Onone";
			};
			name = Debug;
		};
		F5EE12262BE7363C002260D2 /* Release */ = {
			isa = XCBuildConfiguration;
			buildSettings = {
				ALWAYS_SEARCH_USER_PATHS = NO;
				ASSETCATALOG_COMPILER_GENERATE_SWIFT_ASSET_SYMBOL_EXTENSIONS = YES;
				CLANG_ANALYZER_NONNULL = YES;
				CLANG_ANALYZER_NUMBER_OBJECT_CONVERSION = YES_AGGRESSIVE;
				CLANG_CXX_LANGUAGE_STANDARD = "gnu++20";
				CLANG_ENABLE_MODULES = YES;
				CLANG_ENABLE_OBJC_ARC = YES;
				CLANG_ENABLE_OBJC_WEAK = YES;
				CLANG_WARN_BLOCK_CAPTURE_AUTORELEASING = YES;
				CLANG_WARN_BOOL_CONVERSION = YES;
				CLANG_WARN_COMMA = YES;
				CLANG_WARN_CONSTANT_CONVERSION = YES;
				CLANG_WARN_DEPRECATED_OBJC_IMPLEMENTATIONS = YES;
				CLANG_WARN_DIRECT_OBJC_ISA_USAGE = YES_ERROR;
				CLANG_WARN_DOCUMENTATION_COMMENTS = YES;
				CLANG_WARN_EMPTY_BODY = YES;
				CLANG_WARN_ENUM_CONVERSION = YES;
				CLANG_WARN_INFINITE_RECURSION = YES;
				CLANG_WARN_INT_CONVERSION = YES;
				CLANG_WARN_NON_LITERAL_NULL_CONVERSION = YES;
				CLANG_WARN_OBJC_IMPLICIT_RETAIN_SELF = YES;
				CLANG_WARN_OBJC_LITERAL_CONVERSION = YES;
				CLANG_WARN_OBJC_ROOT_CLASS = YES_ERROR;
				CLANG_WARN_QUOTED_INCLUDE_IN_FRAMEWORK_HEADER = YES;
				CLANG_WARN_RANGE_LOOP_ANALYSIS = YES;
				CLANG_WARN_STRICT_PROTOTYPES = YES;
				CLANG_WARN_SUSPICIOUS_MOVE = YES;
				CLANG_WARN_UNGUARDED_AVAILABILITY = YES_AGGRESSIVE;
				CLANG_WARN_UNREACHABLE_CODE = YES;
				CLANG_WARN__DUPLICATE_METHOD_MATCH = YES;
				COPY_PHASE_STRIP = NO;
				DEBUG_INFORMATION_FORMAT = "dwarf-with-dsym";
				ENABLE_NS_ASSERTIONS = NO;
				ENABLE_STRICT_OBJC_MSGSEND = YES;
				ENABLE_USER_SCRIPT_SANDBOXING = YES;
				GCC_C_LANGUAGE_STANDARD = gnu17;
				GCC_NO_COMMON_BLOCKS = YES;
				GCC_WARN_64_TO_32_BIT_CONVERSION = YES;
				GCC_WARN_ABOUT_RETURN_TYPE = YES_ERROR;
				GCC_WARN_UNDECLARED_SELECTOR = YES;
				GCC_WARN_UNINITIALIZED_AUTOS = YES_AGGRESSIVE;
				GCC_WARN_UNUSED_FUNCTION = YES;
				GCC_WARN_UNUSED_VARIABLE = YES;
				IPHONEOS_DEPLOYMENT_TARGET = 17.4;
				LOCALIZATION_PREFERS_STRING_CATALOGS = YES;
				MTL_ENABLE_DEBUG_INFO = NO;
				MTL_FAST_MATH = YES;
				SDKROOT = iphoneos;
				SWIFT_COMPILATION_MODE = wholemodule;
				VALIDATE_PRODUCT = YES;
			};
			name = Release;
		};
		F5EE12282BE7363C002260D2 /* Debug */ = {
			isa = XCBuildConfiguration;
			buildSettings = {
				ASSETCATALOG_COMPILER_APPICON_NAME = AppIcon;
				ASSETCATALOG_COMPILER_GLOBAL_ACCENT_COLOR_NAME = AccentColor;
				CODE_SIGN_STYLE = Automatic;
				CURRENT_PROJECT_VERSION = 1;
				DEVELOPMENT_ASSET_PATHS = "\"BodyMassIndexApp-iOS/Preview Content\"";
				ENABLE_PREVIEWS = YES;
				GENERATE_INFOPLIST_FILE = YES;
				INFOPLIST_KEY_UIApplicationSceneManifest_Generation = YES;
				INFOPLIST_KEY_UIApplicationSupportsIndirectInputEvents = YES;
				INFOPLIST_KEY_UILaunchScreen_Generation = YES;
				INFOPLIST_KEY_UISupportedInterfaceOrientations_iPad = "UIInterfaceOrientationPortrait UIInterfaceOrientationPortraitUpsideDown UIInterfaceOrientationLandscapeLeft UIInterfaceOrientationLandscapeRight";
				INFOPLIST_KEY_UISupportedInterfaceOrientations_iPhone = "UIInterfaceOrientationPortrait UIInterfaceOrientationLandscapeLeft UIInterfaceOrientationLandscapeRight";
				LD_RUNPATH_SEARCH_PATHS = (
					"$(inherited)",
					"@executable_path/Frameworks",
				);
				MARKETING_VERSION = 1.0;
				PRODUCT_BUNDLE_IDENTIFIER = "MrinmoyBorah.BodyMassIndexApp-iOS";
				PRODUCT_NAME = "$(TARGET_NAME)";
				SWIFT_EMIT_LOC_STRINGS = YES;
				SWIFT_VERSION = 5.0;
				TARGETED_DEVICE_FAMILY = "1,2";
			};
			name = Debug;
		};
		F5EE12292BE7363C002260D2 /* Release */ = {
			isa = XCBuildConfiguration;
			buildSettings = {
				ASSETCATALOG_COMPILER_APPICON_NAME = AppIcon;
				ASSETCATALOG_COMPILER_GLOBAL_ACCENT_COLOR_NAME = AccentColor;
				CODE_SIGN_STYLE = Automatic;
				CURRENT_PROJECT_VERSION = 1;
				DEVELOPMENT_ASSET_PATHS = "\"BodyMassIndexApp-iOS/Preview Content\"";
				ENABLE_PREVIEWS = YES;
				GENERATE_INFOPLIST_FILE = YES;
				INFOPLIST_KEY_UIApplicationSceneManifest_Generation = YES;
				INFOPLIST_KEY_UIApplicationSupportsIndirectInputEvents = YES;
				INFOPLIST_KEY_UILaunchScreen_Generation = YES;
				INFOPLIST_KEY_UISupportedInterfaceOrientations_iPad = "UIInterfaceOrientationPortrait UIInterfaceOrientationPortraitUpsideDown UIInterfaceOrientationLandscapeLeft UIInterfaceOrientationLandscapeRight";
				INFOPLIST_KEY_UISupportedInterfaceOrientations_iPhone = "UIInterfaceOrientationPortrait UIInterfaceOrientationLandscapeLeft UIInterfaceOrientationLandscapeRight";
				LD_RUNPATH_SEARCH_PATHS = (
					"$(inherited)",
					"@executable_path/Frameworks",
				);
				MARKETING_VERSION = 1.0;
				PRODUCT_BUNDLE_IDENTIFIER = "MrinmoyBorah.BodyMassIndexApp-iOS";
				PRODUCT_NAME = "$(TARGET_NAME)";
				SWIFT_EMIT_LOC_STRINGS = YES;
				SWIFT_VERSION = 5.0;
				TARGETED_DEVICE_FAMILY = "1,2";
			};
			name = Release;
		};
/* End XCBuildConfiguration section */

/* Begin XCConfigurationList section */
		F5EE12142BE7363C002260D2 /* Build configuration list for PBXProject "BodyMassIndexApp-iOS" */ = {
			isa = XCConfigurationList;
			buildConfigurations = (
				F5EE12252BE7363C002260D2 /* Debug */,
				F5EE12262BE7363C002260D2 /* Release */,
			);
			defaultConfigurationIsVisible = 0;
			defaultConfigurationName = Release;
		};
		F5EE12272BE7363C002260D2 /* Build configuration list for PBXNativeTarget "BodyMassIndexApp-iOS" */ = {
			isa = XCConfigurationList;
			buildConfigurations = (
				F5EE12282BE7363C002260D2 /* Debug */,
				F5EE12292BE7363C002260D2 /* Release */,
			);
			defaultConfigurationIsVisible = 0;
			defaultConfigurationName = Release;
		};
/* End XCConfigurationList section */
	};
	rootObject = F5EE12112BE7363C002260D2 /* Project object */;
}
